
Microsoft Visual Studio Solution File, Format Version 12.00
# Visual Studio Version 17
VisualStudioVersion = 17.5.002.0
MinimumVisualStudioVersion = 10.0.40219.1
Project("{9A19103F-16F7-4668-BE54-9A1E7A4F7556}") = "RestaurantPOS", "RestaurantPOS.csproj", "{7671E6AC-23EA-4420-9D12-46F58681FE27}"
EndProject
Global
	GlobalSection(SolutionConfigurationPlatforms) = preSolution
		Debug|Any CPU = Debug|Any CPU
		Release|Any CPU = Release|Any CPU
	EndGlobalSection
	GlobalSection(ProjectConfigurationPlatforms) = postSolution
		{7671E6AC-23EA-4420-9D12-46F58681FE27}.Debug|Any CPU.ActiveCfg = Debug|Any CPU
		{7671E6AC-23EA-4420-9D12-46F58681FE27}.Debug|Any CPU.Build.0 = Debug|Any CPU
		{7671E6AC-23EA-4420-9D12-46F58681FE27}.Release|Any CPU.ActiveCfg = Release|Any CPU
		{7671E6AC-23EA-4420-9D12-46F58681FE27}.Release|Any CPU.Build.0 = Release|Any CPU
	EndGlobalSection
	GlobalSection(SolutionProperties) = preSolution
		HideSolutionNode = FALSE
	EndGlobalSection
	GlobalSection(ExtensibilityGlobals) = postSolution
		SolutionGuid = {4971D3DD-0BCB-4350-B0A3-00EA615C0794}
	EndGlobalSection
EndGlobal
